
Microsoft Visual Studio Solution File, Format Version 12.00
# Visual Studio 15
VisualStudioVersion = 15.0.28307.489
MinimumVisualStudioVersion = 10.0.40219.1
Project("{9A19103F-16F7-4668-BE54-9A1E7A4F7556}") = "WApp_NetCore_v2", "WApp-NetCore_v2\WApp_NetCore_v2.csproj", "{671C8408-EFB2-4A70-9376-A8A4CD5F9BCC}"
	ProjectSection(ProjectDependencies) = postProject
		{DC8F890F-B235-4982-8E6E-5A6810CCB8E1} = {DC8F890F-B235-4982-8E6E-5A6810CCB8E1}
	EndProjectSection
EndProject
Project("{9A19103F-16F7-4668-BE54-9A1E7A4F7556}") = "WCom-NetCore", "WCom-NetCore\WCom-NetCore.csproj", "{1CD198B9-9800-4490-91E0-665C6F2D7B5A}"
EndProject
Project("{9A19103F-16F7-4668-BE54-9A1E7A4F7556}") = "WAPI_NetCore", "WAPI_NetCore\WAPI_NetCore.csproj", "{DC8F890F-B235-4982-8E6E-5A6810CCB8E1}"
EndProject
Project("{9A19103F-16F7-4668-BE54-9A1E7A4F7556}") = "WDA_NetCore", "WDA_NetCore\WDA_NetCore.csproj", "{DFCA74E5-0146-48E6-94BE-E803A08FD5A5}"
	ProjectSection(ProjectDependencies) = postProject
		{55EB9539-1BA5-485F-946C-A21AAB002DCD} = {55EB9539-1BA5-485F-946C-A21AAB002DCD}
	EndProjectSection
EndProject
Project("{9A19103F-16F7-4668-BE54-9A1E7A4F7556}") = "WBE_NetCore", "WBE_NetCore\WBE_NetCore.csproj", "{55EB9539-1BA5-485F-946C-A21AAB002DCD}"
EndProject
Project("{9A19103F-16F7-4668-BE54-9A1E7A4F7556}") = "WBL_NetCore", "WBL_NetCore\WBL_NetCore.csproj", "{09AB1ECE-0F13-4BA6-AC39-B70B4B208D66}"
EndProject
Project("{2150E333-8FDC-42A3-9474-1A3956D46DE8}") = "WebApiService", "WebApiService", "{83560B8A-7564-447F-982A-15F09A4FBE36}"
EndProject
Project("{2150E333-8FDC-42A3-9474-1A3956D46DE8}") = "WebApp_NetCore", "WebApp_NetCore", "{3429F8D5-004D-4EF0-BA64-2DD26D86A9FC}"
EndProject
Project("{2150E333-8FDC-42A3-9474-1A3956D46DE8}") = "Source", "Source", "{F8BDB010-1980-4861-B19B-79FBF37BF783}"
EndProject
Project("{2150E333-8FDC-42A3-9474-1A3956D46DE8}") = "BusinessLogic", "BusinessLogic", "{22ACE8E9-18A9-4FF6-9738-ADE91017056D}"
EndProject
Project("{2150E333-8FDC-42A3-9474-1A3956D46DE8}") = "BusinessEntities", "BusinessEntities", "{E4CFEDD4-691D-4C92-9F8C-9FAA6D83C2A3}"
EndProject
Project("{2150E333-8FDC-42A3-9474-1A3956D46DE8}") = "Resources Access", "Resources Access", "{0809975F-03E8-4307-A661-F0F22028B5A1}"
EndProject
Project("{2150E333-8FDC-42A3-9474-1A3956D46DE8}") = "Common", "Common", "{092CE01C-F36E-46C9-9859-C4B9EBD2E910}"
EndProject
Global
	GlobalSection(SolutionConfigurationPlatforms) = preSolution
		Debug|Any CPU = Debug|Any CPU
		Release|Any CPU = Release|Any CPU
	EndGlobalSection
	GlobalSection(ProjectConfigurationPlatforms) = postSolution
		{671C8408-EFB2-4A70-9376-A8A4CD5F9BCC}.Debug|Any CPU.ActiveCfg = Debug|Any CPU
		{671C8408-EFB2-4A70-9376-A8A4CD5F9BCC}.Debug|Any CPU.Build.0 = Debug|Any CPU
		{671C8408-EFB2-4A70-9376-A8A4CD5F9BCC}.Release|Any CPU.ActiveCfg = Release|Any CPU
		{671C8408-EFB2-4A70-9376-A8A4CD5F9BCC}.Release|Any CPU.Build.0 = Release|Any CPU
		{1CD198B9-9800-4490-91E0-665C6F2D7B5A}.Debug|Any CPU.ActiveCfg = Debug|Any CPU
		{1CD198B9-9800-4490-91E0-665C6F2D7B5A}.Debug|Any CPU.Build.0 = Debug|Any CPU
		{1CD198B9-9800-4490-91E0-665C6F2D7B5A}.Release|Any CPU.ActiveCfg = Release|Any CPU
		{1CD198B9-9800-4490-91E0-665C6F2D7B5A}.Release|Any CPU.Build.0 = Release|Any CPU
		{DC8F890F-B235-4982-8E6E-5A6810CCB8E1}.Debug|Any CPU.ActiveCfg = Debug|Any CPU
		{DC8F890F-B235-4982-8E6E-5A6810CCB8E1}.Debug|Any CPU.Build.0 = Debug|Any CPU
		{DC8F890F-B235-4982-8E6E-5A6810CCB8E1}.Release|Any CPU.ActiveCfg = Release|Any CPU
		{DC8F890F-B235-4982-8E6E-5A6810CCB8E1}.Release|Any CPU.Build.0 = Release|Any CPU
		{DFCA74E5-0146-48E6-94BE-E803A08FD5A5}.Debug|Any CPU.ActiveCfg = Debug|Any CPU
		{DFCA74E5-0146-48E6-94BE-E803A08FD5A5}.Debug|Any CPU.Build.0 = Debug|Any CPU
		{DFCA74E5-0146-48E6-94BE-E803A08FD5A5}.Release|Any CPU.ActiveCfg = Release|Any CPU
		{DFCA74E5-0146-48E6-94BE-E803A08FD5A5}.Release|Any CPU.Build.0 = Release|Any CPU
		{55EB9539-1BA5-485F-946C-A21AAB002DCD}.Debug|Any CPU.ActiveCfg = Debug|Any CPU
		{55EB9539-1BA5-485F-946C-A21AAB002DCD}.Debug|Any CPU.Build.0 = Debug|Any CPU
		{55EB9539-1BA5-485F-946C-A21AAB002DCD}.Release|Any CPU.ActiveCfg = Release|Any CPU
		{55EB9539-1BA5-485F-946C-A21AAB002DCD}.Release|Any CPU.Build.0 = Release|Any CPU
		{09AB1ECE-0F13-4BA6-AC39-B70B4B208D66}.Debug|Any CPU.ActiveCfg = Debug|Any CPU
		{09AB1ECE-0F13-4BA6-AC39-B70B4B208D66}.Debug|Any CPU.Build.0 = Debug|Any CPU
		{09AB1ECE-0F13-4BA6-AC39-B70B4B208D66}.Release|Any CPU.ActiveCfg = Release|Any CPU
		{09AB1ECE-0F13-4BA6-AC39-B70B4B208D66}.Release|Any CPU.Build.0 = Release|Any CPU
	EndGlobalSection
	GlobalSection(SolutionProperties) = preSolution
		HideSolutionNode = FALSE
	EndGlobalSection
	GlobalSection(NestedProjects) = preSolution
		{671C8408-EFB2-4A70-9376-A8A4CD5F9BCC} = {3429F8D5-004D-4EF0-BA64-2DD26D86A9FC}
		{1CD198B9-9800-4490-91E0-665C6F2D7B5A} = {092CE01C-F36E-46C9-9859-C4B9EBD2E910}
		{DC8F890F-B235-4982-8E6E-5A6810CCB8E1} = {83560B8A-7564-447F-982A-15F09A4FBE36}
		{DFCA74E5-0146-48E6-94BE-E803A08FD5A5} = {0809975F-03E8-4307-A661-F0F22028B5A1}
		{55EB9539-1BA5-485F-946C-A21AAB002DCD} = {E4CFEDD4-691D-4C92-9F8C-9FAA6D83C2A3}
		{09AB1ECE-0F13-4BA6-AC39-B70B4B208D66} = {22ACE8E9-18A9-4FF6-9738-ADE91017056D}
		{F8BDB010-1980-4861-B19B-79FBF37BF783} = {83560B8A-7564-447F-982A-15F09A4FBE36}
		{22ACE8E9-18A9-4FF6-9738-ADE91017056D} = {F8BDB010-1980-4861-B19B-79FBF37BF783}
		{E4CFEDD4-691D-4C92-9F8C-9FAA6D83C2A3} = {F8BDB010-1980-4861-B19B-79FBF37BF783}
		{0809975F-03E8-4307-A661-F0F22028B5A1} = {F8BDB010-1980-4861-B19B-79FBF37BF783}
		{092CE01C-F36E-46C9-9859-C4B9EBD2E910} = {F8BDB010-1980-4861-B19B-79FBF37BF783}
	EndGlobalSection
	GlobalSection(ExtensibilityGlobals) = postSolution
		SolutionGuid = {61FEA998-76FF-4ACF-A6BB-7040FA11F825}
	EndGlobalSection
EndGlobal
